
Microsoft Visual Studio Solution File, Format Version 12.00
# Visual Studio Version 17
VisualStudioVersion = 17.8.34511.84
MinimumVisualStudioVersion = 10.0.40219.1
Project("{FAE04EC0-301F-11D3-BF4B-00C04F79EFBC}") = "minimalAPIMongo", "minimalAPIMongo.csproj", "{78292AD9-2FCC-4B0B-9059-38FE3E0A599C}"
EndProject
Global
	GlobalSection(SolutionConfigurationPlatforms) = preSolution
		Debug|Any CPU = Debug|Any CPU
		Release|Any CPU = Release|Any CPU
	EndGlobalSection
	GlobalSection(ProjectConfigurationPlatforms) = postSolution
		{78292AD9-2FCC-4B0B-9059-38FE3E0A599C}.Debug|Any CPU.ActiveCfg = Debug|Any CPU
		{78292AD9-2FCC-4B0B-9059-38FE3E0A599C}.Debug|Any CPU.Build.0 = Debug|Any CPU
		{78292AD9-2FCC-4B0B-9059-38FE3E0A599C}.Release|Any CPU.ActiveCfg = Release|Any CPU
		{78292AD9-2FCC-4B0B-9059-38FE3E0A599C}.Release|Any CPU.Build.0 = Release|Any CPU
	EndGlobalSection
	GlobalSection(SolutionProperties) = preSolution
		HideSolutionNode = FALSE
	EndGlobalSection
	GlobalSection(ExtensibilityGlobals) = postSolution
		SolutionGuid = {5A5E2151-D356-4C31-8957-59F3BBEC936E}
	EndGlobalSection
EndGlobal
